{
  "pins" : [
    {
      "identity" : "concentriconboarding",
      "kind" : "remoteSourceControl",
      "location" : "https://github.com/exyte/ConcentricOnboarding.git",
      "state" : {
        "revision" : "db2c7730fcd210e763fcc8d4dcfc8cea1b0c5c8b",
        "version" : "1.0.3"
      }
    },
    {
      "identity" : "confettiswiftui#swift-package-manager",
      "kind" : "remoteSourceControl",
      "location" : "https://github.com/simibac/ConfettiSwiftUI#swift-package-manager",
      "state" : {
        "revision" : "8d3a15d0aa2991e0761749b767ef8d89bca6275a",
        "version" : "1.0.1"
      }
    },
    {
      "identity" : "openaiswift",
      "kind" : "remoteSourceControl",
      "location" : "https://github.com/adamrushy/OpenAISwift",
      "state" : {
        "branch" : "main",
        "revision" : "9d708944d97d72c18bb9bd4a8e13f2279a95715c"
      }
    }
  ],
  "version" : 2
}
