// !$*UTF8*$!
{
	archiveVersion = 1;
	classes = {
	};
	objectVersion = 56;
	objects = {

/* Begin PBXBuildFile section */
		165B960D29ED05E0008DC450 /* CongratulationsView.swift in Sources */ = {isa = PBXBuildFile; fileRef = 165B960C29ED05E0008DC450 /* CongratulationsView.swift */; };
		165B961029ED09F2008DC450 /* ConfettiSwiftUI in Frameworks */ = {isa = PBXBuildFile; productRef = 165B960F29ED09F2008DC450 /* ConfettiSwiftUI */; };
		167E255B29EBC00100CA44CD /* ChatView.swift in Sources */ = {isa = PBXBuildFile; fileRef = 167E255A29EBC00100CA44CD /* ChatView.swift */; };
		167E257B29EBD75900CA44CD /* OpenAISwift in Frameworks */ = {isa = PBXBuildFile; productRef = 167E257A29EBD75900CA44CD /* OpenAISwift */; };
		1682C6FA29EC39F600E6DFE9 /* StartCourseView.swift in Sources */ = {isa = PBXBuildFile; fileRef = 1682C6F929EC39F600E6DFE9 /* StartCourseView.swift */; };
		7C56486D29EBAA200017F246 /* IOSHackApp.swift in Sources */ = {isa = PBXBuildFile; fileRef = 7C56486C29EBAA200017F246 /* IOSHackApp.swift */; };
		7C56486F29EBAA200017F246 /* ContentView.swift in Sources */ = {isa = PBXBuildFile; fileRef = 7C56486E29EBAA200017F246 /* ContentView.swift */; };
		7C56487129EBAA230017F246 /* Assets.xcassets in Resources */ = {isa = PBXBuildFile; fileRef = 7C56487029EBAA230017F246 /* Assets.xcassets */; };
		7C56487429EBAA230017F246 /* Preview Assets.xcassets in Resources */ = {isa = PBXBuildFile; fileRef = 7C56487329EBAA230017F246 /* Preview Assets.xcassets */; };
		7CA3133329EC2D4E00AF55DE /* ContentModel.swift in Sources */ = {isa = PBXBuildFile; fileRef = 7CA3133229EC2D4E00AF55DE /* ContentModel.swift */; };
		7CA3133529EC2E9D00AF55DE /* ContentViewModel.swift in Sources */ = {isa = PBXBuildFile; fileRef = 7CA3133429EC2E9D00AF55DE /* ContentViewModel.swift */; };
		7CA3133729EC2FA700AF55DE /* ContentItemView.swift in Sources */ = {isa = PBXBuildFile; fileRef = 7CA3133629EC2FA700AF55DE /* ContentItemView.swift */; };
		7CA600A229EC07FB00FB7651 /* GradeView.swift in Sources */ = {isa = PBXBuildFile; fileRef = 7CA600A129EC07FB00FB7651 /* GradeView.swift */; };
		7CA70C2629ED209700BB358F /* CourseView.swift in Sources */ = {isa = PBXBuildFile; fileRef = 7CA70C2529ED209700BB358F /* CourseView.swift */; };
		7CA70C2829ED214000BB358F /* CourseData.swift in Sources */ = {isa = PBXBuildFile; fileRef = 7CA70C2729ED214000BB358F /* CourseData.swift */; };
		7CA70C2A29ED21C000BB358F /* CourseModel.swift in Sources */ = {isa = PBXBuildFile; fileRef = 7CA70C2929ED21C000BB358F /* CourseModel.swift */; };
		7CCB8A6229EBC12F0074D6CE /* SplashView.swift in Sources */ = {isa = PBXBuildFile; fileRef = 7CCB8A6129EBC12F0074D6CE /* SplashView.swift */; };
		7CD3C1D129ECEA250017C880 /* ConcentricOnboarding in Frameworks */ = {isa = PBXBuildFile; productRef = 7CD3C1D029ECEA250017C880 /* ConcentricOnboarding */; };
		7CD3C1D329ECEA5E0017C880 /* GradeData.swift in Sources */ = {isa = PBXBuildFile; fileRef = 7CD3C1D229ECEA5E0017C880 /* GradeData.swift */; };
		7CD3C1D529ECEB670017C880 /* GradeSectionView.swift in Sources */ = {isa = PBXBuildFile; fileRef = 7CD3C1D429ECEB670017C880 /* GradeSectionView.swift */; };
/* End PBXBuildFile section */

/* Begin PBXFileReference section */
		165B960C29ED05E0008DC450 /* CongratulationsView.swift */ = {isa = PBXFileReference; lastKnownFileType = sourcecode.swift; path = CongratulationsView.swift; sourceTree = "<group>"; };
		167E255A29EBC00100CA44CD /* ChatView.swift */ = {isa = PBXFileReference; lastKnownFileType = sourcecode.swift; path = ChatView.swift; sourceTree = "<group>"; };
		1682C6F929EC39F600E6DFE9 /* StartCourseView.swift */ = {isa = PBXFileReference; lastKnownFileType = sourcecode.swift; path = StartCourseView.swift; sourceTree = "<group>"; };
		7C56486929EBAA200017F246 /* IOSHack.app */ = {isa = PBXFileReference; explicitFileType = wrapper.application; includeInIndex = 0; path = IOSHack.app; sourceTree = BUILT_PRODUCTS_DIR; };
		7C56486C29EBAA200017F246 /* IOSHackApp.swift */ = {isa = PBXFileReference; lastKnownFileType = sourcecode.swift; path = IOSHackApp.swift; sourceTree = "<group>"; };
		7C56486E29EBAA200017F246 /* ContentView.swift */ = {isa = PBXFileReference; lastKnownFileType = sourcecode.swift; path = ContentView.swift; sourceTree = "<group>"; };
		7C56487029EBAA230017F246 /* Assets.xcassets */ = {isa = PBXFileReference; lastKnownFileType = folder.assetcatalog; path = Assets.xcassets; sourceTree = "<group>"; };
		7C56487329EBAA230017F246 /* Preview Assets.xcassets */ = {isa = PBXFileReference; lastKnownFileType = folder.assetcatalog; path = "Preview Assets.xcassets"; sourceTree = "<group>"; };
		7CA3133229EC2D4E00AF55DE /* ContentModel.swift */ = {isa = PBXFileReference; lastKnownFileType = sourcecode.swift; path = ContentModel.swift; sourceTree = "<group>"; };
		7CA3133429EC2E9D00AF55DE /* ContentViewModel.swift */ = {isa = PBXFileReference; lastKnownFileType = sourcecode.swift; path = ContentViewModel.swift; sourceTree = "<group>"; };
		7CA3133629EC2FA700AF55DE /* ContentItemView.swift */ = {isa = PBXFileReference; lastKnownFileType = sourcecode.swift; path = ContentItemView.swift; sourceTree = "<group>"; };
		7CA600A129EC07FB00FB7651 /* GradeView.swift */ = {isa = PBXFileReference; lastKnownFileType = sourcecode.swift; path = GradeView.swift; sourceTree = "<group>"; };
		7CA70C2529ED209700BB358F /* CourseView.swift */ = {isa = PBXFileReference; lastKnownFileType = sourcecode.swift; path = CourseView.swift; sourceTree = "<group>"; };
		7CA70C2729ED214000BB358F /* CourseData.swift */ = {isa = PBXFileReference; lastKnownFileType = sourcecode.swift; path = CourseData.swift; sourceTree = "<group>"; };
		7CA70C2929ED21C000BB358F /* CourseModel.swift */ = {isa = PBXFileReference; lastKnownFileType = sourcecode.swift; path = CourseModel.swift; sourceTree = "<group>"; };
		7CCB8A6129EBC12F0074D6CE /* SplashView.swift */ = {isa = PBXFileReference; lastKnownFileType = sourcecode.swift; path = SplashView.swift; sourceTree = "<group>"; };
		7CD3C1D229ECEA5E0017C880 /* GradeData.swift */ = {isa = PBXFileReference; lastKnownFileType = sourcecode.swift; path = GradeData.swift; sourceTree = "<group>"; };
		7CD3C1D429ECEB670017C880 /* GradeSectionView.swift */ = {isa = PBXFileReference; lastKnownFileType = sourcecode.swift; path = GradeSectionView.swift; sourceTree = "<group>"; };
/* End PBXFileReference section */

/* Begin PBXFrameworksBuildPhase section */
		7C56486629EBAA200017F246 /* Frameworks */ = {
			isa = PBXFrameworksBuildPhase;
			buildActionMask = 2147483647;
			files = (
				165B961029ED09F2008DC450 /* ConfettiSwiftUI in Frameworks */,
				167E257B29EBD75900CA44CD /* OpenAISwift in Frameworks */,
				7CD3C1D129ECEA250017C880 /* ConcentricOnboarding in Frameworks */,
			);
			runOnlyForDeploymentPostprocessing = 0;
		};
/* End PBXFrameworksBuildPhase section */

/* Begin PBXGroup section */
		7C56486029EBAA200017F246 = {
			isa = PBXGroup;
			children = (
				7C56486B29EBAA200017F246 /* IOSHack */,
				7C56486A29EBAA200017F246 /* Products */,
			);
			sourceTree = "<group>";
		};
		7C56486A29EBAA200017F246 /* Products */ = {
			isa = PBXGroup;
			children = (
				7C56486929EBAA200017F246 /* IOSHack.app */,
			);
			name = Products;
			sourceTree = "<group>";
		};
		7C56486B29EBAA200017F246 /* IOSHack */ = {
			isa = PBXGroup;
			children = (
				7CD3C1D429ECEB670017C880 /* GradeSectionView.swift */,
				7CD3C1D229ECEA5E0017C880 /* GradeData.swift */,
				7CA600A129EC07FB00FB7651 /* GradeView.swift */,
				7CCB8A6129EBC12F0074D6CE /* SplashView.swift */,
				167E255A29EBC00100CA44CD /* ChatView.swift */,
				1682C6F929EC39F600E6DFE9 /* StartCourseView.swift */,
				165B960C29ED05E0008DC450 /* CongratulationsView.swift */,
				7C56486C29EBAA200017F246 /* IOSHackApp.swift */,
				7C56486E29EBAA200017F246 /* ContentView.swift */,
				7CA70C2529ED209700BB358F /* CourseView.swift */,
				7CA70C2929ED21C000BB358F /* CourseModel.swift */,
				7CA70C2729ED214000BB358F /* CourseData.swift */,
				7CA3133429EC2E9D00AF55DE /* ContentViewModel.swift */,
				7CA3133629EC2FA700AF55DE /* ContentItemView.swift */,
				7CA3133229EC2D4E00AF55DE /* ContentModel.swift */,
				7C56487029EBAA230017F246 /* Assets.xcassets */,
				7C56487229EBAA230017F246 /* Preview Content */,
			);
			path = IOSHack;
			sourceTree = "<group>";
		};
		7C56487229EBAA230017F246 /* Preview Content */ = {
			isa = PBXGroup;
			children = (
				7C56487329EBAA230017F246 /* Preview Assets.xcassets */,
			);
			path = "Preview Content";
			sourceTree = "<group>";
		};
/* End PBXGroup section */

/* Begin PBXNativeTarget section */
		7C56486829EBAA200017F246 /* IOSHack */ = {
			isa = PBXNativeTarget;
			buildConfigurationList = 7C56487729EBAA230017F246 /* Build configuration list for PBXNativeTarget "IOSHack" */;
			buildPhases = (
				7C56486529EBAA200017F246 /* Sources */,
				7C56486629EBAA200017F246 /* Frameworks */,
				7C56486729EBAA200017F246 /* Resources */,
			);
			buildRules = (
			);
			dependencies = (
			);
			name = IOSHack;
			packageProductDependencies = (
				167E257A29EBD75900CA44CD /* OpenAISwift */,
				7CD3C1D029ECEA250017C880 /* ConcentricOnboarding */,
				165B960F29ED09F2008DC450 /* ConfettiSwiftUI */,
			);
			productName = IOSHack;
			productReference = 7C56486929EBAA200017F246 /* IOSHack.app */;
			productType = "com.apple.product-type.application";
		};
/* End PBXNativeTarget section */

/* Begin PBXProject section */
		7C56486129EBAA200017F246 /* Project object */ = {
			isa = PBXProject;
			attributes = {
				BuildIndependentTargetsInParallel = 1;
				LastSwiftUpdateCheck = 1430;
				LastUpgradeCheck = 1430;
				TargetAttributes = {
					7C56486829EBAA200017F246 = {
						CreatedOnToolsVersion = 14.3;
					};
				};
			};
			buildConfigurationList = 7C56486429EBAA200017F246 /* Build configuration list for PBXProject "IOSHack" */;
			compatibilityVersion = "Xcode 14.0";
			developmentRegion = en;
			hasScannedForEncodings = 0;
			knownRegions = (
				en,
				Base,
			);
			mainGroup = 7C56486029EBAA200017F246;
			packageReferences = (
				167E257929EBD75900CA44CD /* XCRemoteSwiftPackageReference "OpenAISwift" */,
				7CD3C1CF29ECEA250017C880 /* XCRemoteSwiftPackageReference "ConcentricOnboarding" */,
				165B960E29ED09F2008DC450 /* XCRemoteSwiftPackageReference "ConfettiSwiftUI" */,
			);
			productRefGroup = 7C56486A29EBAA200017F246 /* Products */;
			projectDirPath = "";
			projectRoot = "";
			targets = (
				7C56486829EBAA200017F246 /* IOSHack */,
			);
		};
/* End PBXProject section */

/* Begin PBXResourcesBuildPhase section */
		7C56486729EBAA200017F246 /* Resources */ = {
			isa = PBXResourcesBuildPhase;
			buildActionMask = 2147483647;
			files = (
				7C56487429EBAA230017F246 /* Preview Assets.xcassets in Resources */,
				7C56487129EBAA230017F246 /* Assets.xcassets in Resources */,
			);
			runOnlyForDeploymentPostprocessing = 0;
		};
/* End PBXResourcesBuildPhase section */

/* Begin PBXSourcesBuildPhase section */
		7C56486529EBAA200017F246 /* Sources */ = {
			isa = PBXSourcesBuildPhase;
			buildActionMask = 2147483647;
			files = (
				7CA70C2829ED214000BB358F /* CourseData.swift in Sources */,
				167E255B29EBC00100CA44CD /* ChatView.swift in Sources */,
				1682C6FA29EC39F600E6DFE9 /* StartCourseView.swift in Sources */,
				7CCB8A6229EBC12F0074D6CE /* SplashView.swift in Sources */,
				7CA600A229EC07FB00FB7651 /* GradeView.swift in Sources */,
				165B960D29ED05E0008DC450 /* CongratulationsView.swift in Sources */,
				7CA70C2A29ED21C000BB358F /* CourseModel.swift in Sources */,
				7CA3133529EC2E9D00AF55DE /* ContentViewModel.swift in Sources */,
				7CD3C1D329ECEA5E0017C880 /* GradeData.swift in Sources */,
				7C56486F29EBAA200017F246 /* ContentView.swift in Sources */,
				7CA3133729EC2FA700AF55DE /* ContentItemView.swift in Sources */,
				7CA70C2629ED209700BB358F /* CourseView.swift in Sources */,
				7C56486D29EBAA200017F246 /* IOSHackApp.swift in Sources */,
				7CA3133329EC2D4E00AF55DE /* ContentModel.swift in Sources */,
				7CD3C1D529ECEB670017C880 /* GradeSectionView.swift in Sources */,
			);
			runOnlyForDeploymentPostprocessing = 0;
		};
/* End PBXSourcesBuildPhase section */

/* Begin XCBuildConfiguration section */
		7C56487529EBAA230017F246 /* Debug */ = {
			isa = XCBuildConfiguration;
			buildSettings = {
				ALWAYS_SEARCH_USER_PATHS = NO;
				CLANG_ANALYZER_NONNULL = YES;
				CLANG_ANALYZER_NUMBER_OBJECT_CONVERSION = YES_AGGRESSIVE;
				CLANG_CXX_LANGUAGE_STANDARD = "gnu++20";
				CLANG_ENABLE_MODULES = YES;
				CLANG_ENABLE_OBJC_ARC = YES;
				CLANG_ENABLE_OBJC_WEAK = YES;
				CLANG_WARN_BLOCK_CAPTURE_AUTORELEASING = YES;
				CLANG_WARN_BOOL_CONVERSION = YES;
				CLANG_WARN_COMMA = YES;
				CLANG_WARN_CONSTANT_CONVERSION = YES;
				CLANG_WARN_DEPRECATED_OBJC_IMPLEMENTATIONS = YES;
				CLANG_WARN_DIRECT_OBJC_ISA_USAGE = YES_ERROR;
				CLANG_WARN_DOCUMENTATION_COMMENTS = YES;
				CLANG_WARN_EMPTY_BODY = YES;
				CLANG_WARN_ENUM_CONVERSION = YES;
				CLANG_WARN_INFINITE_RECURSION = YES;
				CLANG_WARN_INT_CONVERSION = YES;
				CLANG_WARN_NON_LITERAL_NULL_CONVERSION = YES;
				CLANG_WARN_OBJC_IMPLICIT_RETAIN_SELF = YES;
				CLANG_WARN_OBJC_LITERAL_CONVERSION = YES;
				CLANG_WARN_OBJC_ROOT_CLASS = YES_ERROR;
				CLANG_WARN_QUOTED_INCLUDE_IN_FRAMEWORK_HEADER = YES;
				CLANG_WARN_RANGE_LOOP_ANALYSIS = YES;
				CLANG_WARN_STRICT_PROTOTYPES = YES;
				CLANG_WARN_SUSPICIOUS_MOVE = YES;
				CLANG_WARN_UNGUARDED_AVAILABILITY = YES_AGGRESSIVE;
				CLANG_WARN_UNREACHABLE_CODE = YES;
				CLANG_WARN__DUPLICATE_METHOD_MATCH = YES;
				COPY_PHASE_STRIP = NO;
				DEBUG_INFORMATION_FORMAT = dwarf;
				ENABLE_STRICT_OBJC_MSGSEND = YES;
				ENABLE_TESTABILITY = YES;
				GCC_C_LANGUAGE_STANDARD = gnu11;
				GCC_DYNAMIC_NO_PIC = NO;
				GCC_NO_COMMON_BLOCKS = YES;
				GCC_OPTIMIZATION_LEVEL = 0;
				GCC_PREPROCESSOR_DEFINITIONS = (
					"DEBUG=1",
					"$(inherited)",
				);
				GCC_WARN_64_TO_32_BIT_CONVERSION = YES;
				GCC_WARN_ABOUT_RETURN_TYPE = YES_ERROR;
				GCC_WARN_UNDECLARED_SELECTOR = YES;
				GCC_WARN_UNINITIALIZED_AUTOS = YES_AGGRESSIVE;
				GCC_WARN_UNUSED_FUNCTION = YES;
				GCC_WARN_UNUSED_VARIABLE = YES;
				IPHONEOS_DEPLOYMENT_TARGET = 16.4;
				MTL_ENABLE_DEBUG_INFO = INCLUDE_SOURCE;
				MTL_FAST_MATH = YES;
				ONLY_ACTIVE_ARCH = YES;
				SDKROOT = iphoneos;
				SWIFT_ACTIVE_COMPILATION_CONDITIONS = DEBUG;
				SWIFT_OPTIMIZATION_LEVEL = "-Onone";
			};
			name = Debug;
		};
		7C56487629EBAA230017F246 /* Release */ = {
			isa = XCBuildConfiguration;
			buildSettings = {
				ALWAYS_SEARCH_USER_PATHS = NO;
				CLANG_ANALYZER_NONNULL = YES;
				CLANG_ANALYZER_NUMBER_OBJECT_CONVERSION = YES_AGGRESSIVE;
				CLANG_CXX_LANGUAGE_STANDARD = "gnu++20";
				CLANG_ENABLE_MODULES = YES;
				CLANG_ENABLE_OBJC_ARC = YES;
				CLANG_ENABLE_OBJC_WEAK = YES;
				CLANG_WARN_BLOCK_CAPTURE_AUTORELEASING = YES;
				CLANG_WARN_BOOL_CONVERSION = YES;
				CLANG_WARN_COMMA = YES;
				CLANG_WARN_CONSTANT_CONVERSION = YES;
				CLANG_WARN_DEPRECATED_OBJC_IMPLEMENTATIONS = YES;
				CLANG_WARN_DIRECT_OBJC_ISA_USAGE = YES_ERROR;
				CLANG_WARN_DOCUMENTATION_COMMENTS = YES;
				CLANG_WARN_EMPTY_BODY = YES;
				CLANG_WARN_ENUM_CONVERSION = YES;
				CLANG_WARN_INFINITE_RECURSION = YES;
				CLANG_WARN_INT_CONVERSION = YES;
				CLANG_WARN_NON_LITERAL_NULL_CONVERSION = YES;
				CLANG_WARN_OBJC_IMPLICIT_RETAIN_SELF = YES;
				CLANG_WARN_OBJC_LITERAL_CONVERSION = YES;
				CLANG_WARN_OBJC_ROOT_CLASS = YES_ERROR;
				CLANG_WARN_QUOTED_INCLUDE_IN_FRAMEWORK_HEADER = YES;
				CLANG_WARN_RANGE_LOOP_ANALYSIS = YES;
				CLANG_WARN_STRICT_PROTOTYPES = YES;
				CLANG_WARN_SUSPICIOUS_MOVE = YES;
				CLANG_WARN_UNGUARDED_AVAILABILITY = YES_AGGRESSIVE;
				CLANG_WARN_UNREACHABLE_CODE = YES;
				CLANG_WARN__DUPLICATE_METHOD_MATCH = YES;
				COPY_PHASE_STRIP = NO;
				DEBUG_INFORMATION_FORMAT = "dwarf-with-dsym";
				ENABLE_NS_ASSERTIONS = NO;
				ENABLE_STRICT_OBJC_MSGSEND = YES;
				GCC_C_LANGUAGE_STANDARD = gnu11;
				GCC_NO_COMMON_BLOCKS = YES;
				GCC_WARN_64_TO_32_BIT_CONVERSION = YES;
				GCC_WARN_ABOUT_RETURN_TYPE = YES_ERROR;
				GCC_WARN_UNDECLARED_SELECTOR = YES;
				GCC_WARN_UNINITIALIZED_AUTOS = YES_AGGRESSIVE;
				GCC_WARN_UNUSED_FUNCTION = YES;
				GCC_WARN_UNUSED_VARIABLE = YES;
				IPHONEOS_DEPLOYMENT_TARGET = 16.4;
				MTL_ENABLE_DEBUG_INFO = NO;
				MTL_FAST_MATH = YES;
				SDKROOT = iphoneos;
				SWIFT_COMPILATION_MODE = wholemodule;
				SWIFT_OPTIMIZATION_LEVEL = "-O";
				VALIDATE_PRODUCT = YES;
			};
			name = Release;
		};
		7C56487829EBAA230017F246 /* Debug */ = {
			isa = XCBuildConfiguration;
			buildSettings = {
				ASSETCATALOG_COMPILER_APPICON_NAME = AppIcon;
				ASSETCATALOG_COMPILER_GLOBAL_ACCENT_COLOR_NAME = AccentColor;
				ASSETCATALOG_COMPILER_INCLUDE_ALL_APPICON_ASSETS = NO;
				CODE_SIGN_STYLE = Automatic;
				CURRENT_PROJECT_VERSION = 1;
				DEVELOPMENT_ASSET_PATHS = "\"IOSHack/Preview Content\"";
				DEVELOPMENT_TEAM = Q29LRF9C66;
				ENABLE_PREVIEWS = YES;
				GENERATE_INFOPLIST_FILE = YES;
				INFOPLIST_KEY_CFBundleDisplayName = MyBrainBuddy;
				INFOPLIST_KEY_UIApplicationSceneManifest_Generation = YES;
				INFOPLIST_KEY_UIApplicationSupportsIndirectInputEvents = YES;
				INFOPLIST_KEY_UILaunchScreen_Generation = YES;
				INFOPLIST_KEY_UISupportedInterfaceOrientations_iPad = "UIInterfaceOrientationPortrait UIInterfaceOrientationPortraitUpsideDown UIInterfaceOrientationLandscapeLeft UIInterfaceOrientationLandscapeRight";
				INFOPLIST_KEY_UISupportedInterfaceOrientations_iPhone = "UIInterfaceOrientationPortrait UIInterfaceOrientationLandscapeLeft UIInterfaceOrientationLandscapeRight";
				IPHONEOS_DEPLOYMENT_TARGET = 16.0;
				LD_RUNPATH_SEARCH_PATHS = (
					"$(inherited)",
					"@executable_path/Frameworks",
				);
				MARKETING_VERSION = 1.0;
				PRODUCT_BUNDLE_IDENTIFIER = cm.IOSHack;
				PRODUCT_NAME = "$(TARGET_NAME)";
				SWIFT_EMIT_LOC_STRINGS = YES;
				SWIFT_VERSION = 5.0;
				TARGETED_DEVICE_FAMILY = "1,2";
			};
			name = Debug;
		};
		7C56487929EBAA230017F246 /* Release */ = {
			isa = XCBuildConfiguration;
			buildSettings = {
				ASSETCATALOG_COMPILER_APPICON_NAME = AppIcon;
				ASSETCATALOG_COMPILER_GLOBAL_ACCENT_COLOR_NAME = AccentColor;
				ASSETCATALOG_COMPILER_INCLUDE_ALL_APPICON_ASSETS = NO;
				CODE_SIGN_STYLE = Automatic;
				CURRENT_PROJECT_VERSION = 1;
				DEVELOPMENT_ASSET_PATHS = "\"IOSHack/Preview Content\"";
				DEVELOPMENT_TEAM = Q29LRF9C66;
				ENABLE_PREVIEWS = YES;
				GENERATE_INFOPLIST_FILE = YES;
				INFOPLIST_KEY_CFBundleDisplayName = MyBrainBuddy;
				INFOPLIST_KEY_UIApplicationSceneManifest_Generation = YES;
				INFOPLIST_KEY_UIApplicationSupportsIndirectInputEvents = YES;
				INFOPLIST_KEY_UILaunchScreen_Generation = YES;
				INFOPLIST_KEY_UISupportedInterfaceOrientations_iPad = "UIInterfaceOrientationPortrait UIInterfaceOrientationPortraitUpsideDown UIInterfaceOrientationLandscapeLeft UIInterfaceOrientationLandscapeRight";
				INFOPLIST_KEY_UISupportedInterfaceOrientations_iPhone = "UIInterfaceOrientationPortrait UIInterfaceOrientationLandscapeLeft UIInterfaceOrientationLandscapeRight";
				IPHONEOS_DEPLOYMENT_TARGET = 16.0;
				LD_RUNPATH_SEARCH_PATHS = (
					"$(inherited)",
					"@executable_path/Frameworks",
				);
				MARKETING_VERSION = 1.0;
				PRODUCT_BUNDLE_IDENTIFIER = cm.IOSHack;
				PRODUCT_NAME = "$(TARGET_NAME)";
				SWIFT_EMIT_LOC_STRINGS = YES;
				SWIFT_VERSION = 5.0;
				TARGETED_DEVICE_FAMILY = "1,2";
			};
			name = Release;
		};
/* End XCBuildConfiguration section */

/* Begin XCConfigurationList section */
		7C56486429EBAA200017F246 /* Build configuration list for PBXProject "IOSHack" */ = {
			isa = XCConfigurationList;
			buildConfigurations = (
				7C56487529EBAA230017F246 /* Debug */,
				7C56487629EBAA230017F246 /* Release */,
			);
			defaultConfigurationIsVisible = 0;
			defaultConfigurationName = Release;
		};
		7C56487729EBAA230017F246 /* Build configuration list for PBXNativeTarget "IOSHack" */ = {
			isa = XCConfigurationList;
			buildConfigurations = (
				7C56487829EBAA230017F246 /* Debug */,
				7C56487929EBAA230017F246 /* Release */,
			);
			defaultConfigurationIsVisible = 0;
			defaultConfigurationName = Release;
		};
/* End XCConfigurationList section */

/* Begin XCRemoteSwiftPackageReference section */
		165B960E29ED09F2008DC450 /* XCRemoteSwiftPackageReference "ConfettiSwiftUI" */ = {
			isa = XCRemoteSwiftPackageReference;
			repositoryURL = "https://github.com/simibac/ConfettiSwiftUI#swift-package-manager";
			requirement = {
				kind = upToNextMajorVersion;
				minimumVersion = 1.0.0;
			};
		};
		167E257929EBD75900CA44CD /* XCRemoteSwiftPackageReference "OpenAISwift" */ = {
			isa = XCRemoteSwiftPackageReference;
			repositoryURL = "https://github.com/adamrushy/OpenAISwift";
			requirement = {
				branch = main;
				kind = branch;
			};
		};
		7CD3C1CF29ECEA250017C880 /* XCRemoteSwiftPackageReference "ConcentricOnboarding" */ = {
			isa = XCRemoteSwiftPackageReference;
			repositoryURL = "https://github.com/exyte/ConcentricOnboarding.git";
			requirement = {
				kind = upToNextMajorVersion;
				minimumVersion = 1.0.0;
			};
		};
/* End XCRemoteSwiftPackageReference section */

/* Begin XCSwiftPackageProductDependency section */
		165B960F29ED09F2008DC450 /* ConfettiSwiftUI */ = {
			isa = XCSwiftPackageProductDependency;
			package = 165B960E29ED09F2008DC450 /* XCRemoteSwiftPackageReference "ConfettiSwiftUI" */;
			productName = ConfettiSwiftUI;
		};
		167E257A29EBD75900CA44CD /* OpenAISwift */ = {
			isa = XCSwiftPackageProductDependency;
			package = 167E257929EBD75900CA44CD /* XCRemoteSwiftPackageReference "OpenAISwift" */;
			productName = OpenAISwift;
		};
		7CD3C1D029ECEA250017C880 /* ConcentricOnboarding */ = {
			isa = XCSwiftPackageProductDependency;
			package = 7CD3C1CF29ECEA250017C880 /* XCRemoteSwiftPackageReference "ConcentricOnboarding" */;
			productName = ConcentricOnboarding;
		};
/* End XCSwiftPackageProductDependency section */
	};
	rootObject = 7C56486129EBAA200017F246 /* Project object */;
}
